// !$*UTF8*$!
{
	archiveVersion = 1;
	classes = {
	};
	objectVersion = 50;
	objects = {

/* Begin PBXBuildFile section */
		2ACA870126E9F68E009AE659 /* AppDelegate.swift in Sources */ = {isa = PBXBuildFile; fileRef = 2ACA870026E9F68E009AE659 /* AppDelegate.swift */; };
		2ACA870326E9F68E009AE659 /* SceneDelegate.swift in Sources */ = {isa = PBXBuildFile; fileRef = 2ACA870226E9F68E009AE659 /* SceneDelegate.swift */; };
		2ACA870526E9F68E009AE659 /* ViewController.swift in Sources */ = {isa = PBXBuildFile; fileRef = 2ACA870426E9F68E009AE659 /* ViewController.swift */; };
		2ACA870826E9F68E009AE659 /* Main.storyboard in Resources */ = {isa = PBXBuildFile; fileRef = 2ACA870626E9F68E009AE659 /* Main.storyboard */; };
		2ACA870A26E9F68E009AE659 /* Assets.xcassets in Resources */ = {isa = PBXBuildFile; fileRef = 2ACA870926E9F68E009AE659 /* Assets.xcassets */; };
		2ACA870D26E9F68E009AE659 /* LaunchScreen.storyboard in Resources */ = {isa = PBXBuildFile; fileRef = 2ACA870B26E9F68E009AE659 /* LaunchScreen.storyboard */; };
		2ACA871826E9F68E009AE659 /* Trial_AppTests.swift in Sources */ = {isa = PBXBuildFile; fileRef = 2ACA871726E9F68E009AE659 /* Trial_AppTests.swift */; };
		2ACA872326E9F68E009AE659 /* Trial_AppUITests.swift in Sources */ = {isa = PBXBuildFile; fileRef = 2ACA872226E9F68E009AE659 /* Trial_AppUITests.swift */; };
/* End PBXBuildFile section */

/* Begin PBXContainerItemProxy section */
		2ACA871426E9F68E009AE659 /* PBXContainerItemProxy */ = {
			isa = PBXContainerItemProxy;
			containerPortal = 2ACA86F526E9F68E009AE659 /* Project object */;
			proxyType = 1;
			remoteGlobalIDString = 2ACA86FC26E9F68E009AE659;
			remoteInfo = "Trial App";
		};
		2ACA871F26E9F68E009AE659 /* PBXContainerItemProxy */ = {
			isa = PBXContainerItemProxy;
			containerPortal = 2ACA86F526E9F68E009AE659 /* Project object */;
			proxyType = 1;
			remoteGlobalIDString = 2ACA86FC26E9F68E009AE659;
			remoteInfo = "Trial App";
		};
/* End PBXContainerItemProxy section */

/* Begin PBXFileReference section */
		2ACA86FD26E9F68E009AE659 /* Trial App.app */ = {isa = PBXFileReference; explicitFileType = wrapper.application; includeInIndex = 0; path = "Trial App.app"; sourceTree = BUILT_PRODUCTS_DIR; };
		2ACA870026E9F68E009AE659 /* AppDelegate.swift */ = {isa = PBXFileReference; lastKnownFileType = sourcecode.swift; path = AppDelegate.swift; sourceTree = "<group>"; };
		2ACA870226E9F68E009AE659 /* SceneDelegate.swift */ = {isa = PBXFileReference; lastKnownFileType = sourcecode.swift; path = SceneDelegate.swift; sourceTree = "<group>"; };
		2ACA870426E9F68E009AE659 /* ViewController.swift */ = {isa = PBXFileReference; lastKnownFileType = sourcecode.swift; path = ViewController.swift; sourceTree = "<group>"; };
		2ACA870726E9F68E009AE659 /* Base */ = {isa = PBXFileReference; lastKnownFileType = file.storyboard; name = Base; path = Base.lproj/Main.storyboard; sourceTree = "<group>"; };
		2ACA870926E9F68E009AE659 /* Assets.xcassets */ = {isa = PBXFileReference; lastKnownFileType = folder.assetcatalog; path = Assets.xcassets; sourceTree = "<group>"; };
		2ACA870C26E9F68E009AE659 /* Base */ = {isa = PBXFileReference; lastKnownFileType = file.storyboard; name = Base; path = Base.lproj/LaunchScreen.storyboard; sourceTree = "<group>"; };
		2ACA870E26E9F68E009AE659 /* Info.plist */ = {isa = PBXFileReference; lastKnownFileType = text.plist.xml; path = Info.plist; sourceTree = "<group>"; };
		2ACA871326E9F68E009AE659 /* Trial AppTests.xctest */ = {isa = PBXFileReference; explicitFileType = wrapper.cfbundle; includeInIndex = 0; path = "Trial AppTests.xctest"; sourceTree = BUILT_PRODUCTS_DIR; };
		2ACA871726E9F68E009AE659 /* Trial_AppTests.swift */ = {isa = PBXFileReference; lastKnownFileType = sourcecode.swift; path = Trial_AppTests.swift; sourceTree = "<group>"; };
		2ACA871926E9F68E009AE659 /* Info.plist */ = {isa = PBXFileReference; lastKnownFileType = text.plist.xml; path = Info.plist; sourceTree = "<group>"; };
		2ACA871E26E9F68E009AE659 /* Trial AppUITests.xctest */ = {isa = PBXFileReference; explicitFileType = wrapper.cfbundle; includeInIndex = 0; path = "Trial AppUITests.xctest"; sourceTree = BUILT_PRODUCTS_DIR; };
		2ACA872226E9F68E009AE659 /* Trial_AppUITests.swift */ = {isa = PBXFileReference; lastKnownFileType = sourcecode.swift; path = Trial_AppUITests.swift; sourceTree = "<group>"; };
		2ACA872426E9F68E009AE659 /* Info.plist */ = {isa = PBXFileReference; lastKnownFileType = text.plist.xml; path = Info.plist; sourceTree = "<group>"; };
/* End PBXFileReference section */

/* Begin PBXFrameworksBuildPhase section */
		2ACA86FA26E9F68E009AE659 /* Frameworks */ = {
			isa = PBXFrameworksBuildPhase;
			buildActionMask = 2147483647;
			files = (
			);
			runOnlyForDeploymentPostprocessing = 0;
		};
		2ACA871026E9F68E009AE659 /* Frameworks */ = {
			isa = PBXFrameworksBuildPhase;
			buildActionMask = 2147483647;
			files = (
			);
			runOnlyForDeploymentPostprocessing = 0;
		};
		2ACA871B26E9F68E009AE659 /* Frameworks */ = {
			isa = PBXFrameworksBuildPhase;
			buildActionMask = 2147483647;
			files = (
			);
			runOnlyForDeploymentPostprocessing = 0;
		};
/* End PBXFrameworksBuildPhase section */

/* Begin PBXGroup section */
		2ACA86F426E9F68E009AE659 = {
			isa = PBXGroup;
			children = (
				2ACA86FF26E9F68E009AE659 /* Trial App */,
				2ACA871626E9F68E009AE659 /* Trial AppTests */,
				2ACA872126E9F68E009AE659 /* Trial AppUITests */,
				2ACA86FE26E9F68E009AE659 /* Products */,
			);
			sourceTree = "<group>";
		};
		2ACA86FE26E9F68E009AE659 /* Products */ = {
			isa = PBXGroup;
			children = (
				2ACA86FD26E9F68E009AE659 /* Trial App.app */,
				2ACA871326E9F68E009AE659 /* Trial AppTests.xctest */,
				2ACA871E26E9F68E009AE659 /* Trial AppUITests.xctest */,
			);
			name = Products;
			sourceTree = "<group>";
		};
		2ACA86FF26E9F68E009AE659 /* Trial App */ = {
			isa = PBXGroup;
			children = (
				2ACA870026E9F68E009AE659 /* AppDelegate.swift */,
				2ACA870226E9F68E009AE659 /* SceneDelegate.swift */,
				2ACA870426E9F68E009AE659 /* ViewController.swift */,
				2ACA870626E9F68E009AE659 /* Main.storyboard */,
				2ACA870926E9F68E009AE659 /* Assets.xcassets */,
				2ACA870B26E9F68E009AE659 /* LaunchScreen.storyboard */,
				2ACA870E26E9F68E009AE659 /* Info.plist */,
			);
			path = "Trial App";
			sourceTree = "<group>";
		};
		2ACA871626E9F68E009AE659 /* Trial AppTests */ = {
			isa = PBXGroup;
			children = (
				2ACA871726E9F68E009AE659 /* Trial_AppTests.swift */,
				2ACA871926E9F68E009AE659 /* Info.plist */,
			);
			path = "Trial AppTests";
			sourceTree = "<group>";
		};
		2ACA872126E9F68E009AE659 /* Trial AppUITests */ = {
			isa = PBXGroup;
			children = (
				2ACA872226E9F68E009AE659 /* Trial_AppUITests.swift */,
				2ACA872426E9F68E009AE659 /* Info.plist */,
			);
			path = "Trial AppUITests";
			sourceTree = "<group>";
		};
/* End PBXGroup section */

/* Begin PBXNativeTarget section */
		2ACA86FC26E9F68E009AE659 /* Trial App */ = {
			isa = PBXNativeTarget;
			buildConfigurationList = 2ACA872726E9F68E009AE659 /* Build configuration list for PBXNativeTarget "Trial App" */;
			buildPhases = (
				2ACA86F926E9F68E009AE659 /* Sources */,
				2ACA86FA26E9F68E009AE659 /* Frameworks */,
				2ACA86FB26E9F68E009AE659 /* Resources */,
			);
			buildRules = (
			);
			dependencies = (
			);
			name = "Trial App";
			productName = "Trial App";
			productReference = 2ACA86FD26E9F68E009AE659 /* Trial App.app */;
			productType = "com.apple.product-type.application";
		};
		2ACA871226E9F68E009AE659 /* Trial AppTests */ = {
			isa = PBXNativeTarget;
			buildConfigurationList = 2ACA872A26E9F68E009AE659 /* Build configuration list for PBXNativeTarget "Trial AppTests" */;
			buildPhases = (
				2ACA870F26E9F68E009AE659 /* Sources */,
				2ACA871026E9F68E009AE659 /* Frameworks */,
				2ACA871126E9F68E009AE659 /* Resources */,
			);
			buildRules = (
			);
			dependencies = (
				2ACA871526E9F68E009AE659 /* PBXTargetDependency */,
			);
			name = "Trial AppTests";
			productName = "Trial AppTests";
			productReference = 2ACA871326E9F68E009AE659 /* Trial AppTests.xctest */;
			productType = "com.apple.product-type.bundle.unit-test";
		};
		2ACA871D26E9F68E009AE659 /* Trial AppUITests */ = {
			isa = PBXNativeTarget;
			buildConfigurationList = 2ACA872D26E9F68E009AE659 /* Build configuration list for PBXNativeTarget "Trial AppUITests" */;
			buildPhases = (
				2ACA871A26E9F68E009AE659 /* Sources */,
				2ACA871B26E9F68E009AE659 /* Frameworks */,
				2ACA871C26E9F68E009AE659 /* Resources */,
			);
			buildRules = (
			);
			dependencies = (
				2ACA872026E9F68E009AE659 /* PBXTargetDependency */,
			);
			name = "Trial AppUITests";
			productName = "Trial AppUITests";
			productReference = 2ACA871E26E9F68E009AE659 /* Trial AppUITests.xctest */;
			productType = "com.apple.product-type.bundle.ui-testing";
		};
/* End PBXNativeTarget section */

/* Begin PBXProject section */
		2ACA86F526E9F68E009AE659 /* Project object */ = {
			isa = PBXProject;
			attributes = {
				LastSwiftUpdateCheck = 1240;
				LastUpgradeCheck = 1240;
				TargetAttributes = {
					2ACA86FC26E9F68E009AE659 = {
						CreatedOnToolsVersion = 12.4;
					};
					2ACA871226E9F68E009AE659 = {
						CreatedOnToolsVersion = 12.4;
						TestTargetID = 2ACA86FC26E9F68E009AE659;
					};
					2ACA871D26E9F68E009AE659 = {
						CreatedOnToolsVersion = 12.4;
						TestTargetID = 2ACA86FC26E9F68E009AE659;
					};
				};
			};
			buildConfigurationList = 2ACA86F826E9F68E009AE659 /* Build configuration list for PBXProject "Trial App" */;
			compatibilityVersion = "Xcode 9.3";
			developmentRegion = en;
			hasScannedForEncodings = 0;
			knownRegions = (
				en,
				Base,
			);
			mainGroup = 2ACA86F426E9F68E009AE659;
			productRefGroup = 2ACA86FE26E9F68E009AE659 /* Products */;
			projectDirPath = "";
			projectRoot = "";
			targets = (
				2ACA86FC26E9F68E009AE659 /* Trial App */,
				2ACA871226E9F68E009AE659 /* Trial AppTests */,
				2ACA871D26E9F68E009AE659 /* Trial AppUITests */,
			);
		};
/* End PBXProject section */

/* Begin PBXResourcesBuildPhase section */
		2ACA86FB26E9F68E009AE659 /* Resources */ = {
			isa = PBXResourcesBuildPhase;
			buildActionMask = 2147483647;
			files = (
				2ACA870D26E9F68E009AE659 /* LaunchScreen.storyboard in Resources */,
				2ACA870A26E9F68E009AE659 /* Assets.xcassets in Resources */,
				2ACA870826E9F68E009AE659 /* Main.storyboard in Resources */,
			);
			runOnlyForDeploymentPostprocessing = 0;
		};
		2ACA871126E9F68E009AE659 /* Resources */ = {
			isa = PBXResourcesBuildPhase;
			buildActionMask = 2147483647;
			files = (
			);
			runOnlyForDeploymentPostprocessing = 0;
		};
		2ACA871C26E9F68E009AE659 /* Resources */ = {
			isa = PBXResourcesBuildPhase;
			buildActionMask = 2147483647;
			files = (
			);
			runOnlyForDeploymentPostprocessing = 0;
		};
/* End PBXResourcesBuildPhase section */

/* Begin PBXSourcesBuildPhase section */
		2ACA86F926E9F68E009AE659 /* Sources */ = {
			isa = PBXSourcesBuildPhase;
			buildActionMask = 2147483647;
			files = (
				2ACA870526E9F68E009AE659 /* ViewController.swift in Sources */,
				2ACA870126E9F68E009AE659 /* AppDelegate.swift in Sources */,
				2ACA870326E9F68E009AE659 /* SceneDelegate.swift in Sources */,
			);
			runOnlyForDeploymentPostprocessing = 0;
		};
		2ACA870F26E9F68E009AE659 /* Sources */ = {
			isa = PBXSourcesBuildPhase;
			buildActionMask = 2147483647;
			files = (
				2ACA871826E9F68E009AE659 /* Trial_AppTests.swift in Sources */,
			);
			runOnlyForDeploymentPostprocessing = 0;
		};
		2ACA871A26E9F68E009AE659 /* Sources */ = {
			isa = PBXSourcesBuildPhase;
			buildActionMask = 2147483647;
			files = (
				2ACA872326E9F68E009AE659 /* Trial_AppUITests.swift in Sources */,
			);
			runOnlyForDeploymentPostprocessing = 0;
		};
/* End PBXSourcesBuildPhase section */

/* Begin PBXTargetDependency section */
		2ACA871526E9F68E009AE659 /* PBXTargetDependency */ = {
			isa = PBXTargetDependency;
			target = 2ACA86FC26E9F68E009AE659 /* Trial App */;
			targetProxy = 2ACA871426E9F68E009AE659 /* PBXContainerItemProxy */;
		};
		2ACA872026E9F68E009AE659 /* PBXTargetDependency */ = {
			isa = PBXTargetDependency;
			target = 2ACA86FC26E9F68E009AE659 /* Trial App */;
			targetProxy = 2ACA871F26E9F68E009AE659 /* PBXContainerItemProxy */;
		};
/* End PBXTargetDependency section */

/* Begin PBXVariantGroup section */
		2ACA870626E9F68E009AE659 /* Main.storyboard */ = {
			isa = PBXVariantGroup;
			children = (
				2ACA870726E9F68E009AE659 /* Base */,
			);
			name = Main.storyboard;
			sourceTree = "<group>";
		};
		2ACA870B26E9F68E009AE659 /* LaunchScreen.storyboard */ = {
			isa = PBXVariantGroup;
			children = (
				2ACA870C26E9F68E009AE659 /* Base */,
			);
			name = LaunchScreen.storyboard;
			sourceTree = "<group>";
		};
/* End PBXVariantGroup section */

/* Begin XCBuildConfiguration section */
		2ACA872526E9F68E009AE659 /* Debug */ = {
			isa = XCBuildConfiguration;
			buildSettings = {
				ALWAYS_SEARCH_USER_PATHS = NO;
				CLANG_ANALYZER_NONNULL = YES;
				CLANG_ANALYZER_NUMBER_OBJECT_CONVERSION = YES_AGGRESSIVE;
				CLANG_CXX_LANGUAGE_STANDARD = "gnu++14";
				CLANG_CXX_LIBRARY = "libc++";
				CLANG_ENABLE_MODULES = YES;
				CLANG_ENABLE_OBJC_ARC = YES;
				CLANG_ENABLE_OBJC_WEAK = YES;
				CLANG_WARN_BLOCK_CAPTURE_AUTORELEASING = YES;
				CLANG_WARN_BOOL_CONVERSION = YES;
				CLANG_WARN_COMMA = YES;
				CLANG_WARN_CONSTANT_CONVERSION = YES;
				CLANG_WARN_DEPRECATED_OBJC_IMPLEMENTATIONS = YES;
				CLANG_WARN_DIRECT_OBJC_ISA_USAGE = YES_ERROR;
				CLANG_WARN_DOCUMENTATION_COMMENTS = YES;
				CLANG_WARN_EMPTY_BODY = YES;
				CLANG_WARN_ENUM_CONVERSION = YES;
				CLANG_WARN_INFINITE_RECURSION = YES;
				CLANG_WARN_INT_CONVERSION = YES;
				CLANG_WARN_NON_LITERAL_NULL_CONVERSION = YES;
				CLANG_WARN_OBJC_IMPLICIT_RETAIN_SELF = YES;
				CLANG_WARN_OBJC_LITERAL_CONVERSION = YES;
				CLANG_WARN_OBJC_ROOT_CLASS = YES_ERROR;
				CLANG_WARN_QUOTED_INCLUDE_IN_FRAMEWORK_HEADER = YES;
				CLANG_WARN_RANGE_LOOP_ANALYSIS = YES;
				CLANG_WARN_STRICT_PROTOTYPES = YES;
				CLANG_WARN_SUSPICIOUS_MOVE = YES;
				CLANG_WARN_UNGUARDED_AVAILABILITY = YES_AGGRESSIVE;
				CLANG_WARN_UNREACHABLE_CODE = YES;
				CLANG_WARN__DUPLICATE_METHOD_MATCH = YES;
				COPY_PHASE_STRIP = NO;
				DEBUG_INFORMATION_FORMAT = dwarf;
				ENABLE_STRICT_OBJC_MSGSEND = YES;
				ENABLE_TESTABILITY = YES;
				GCC_C_LANGUAGE_STANDARD = gnu11;
				GCC_DYNAMIC_NO_PIC = NO;
				GCC_NO_COMMON_BLOCKS = YES;
				GCC_OPTIMIZATION_LEVEL = 0;
				GCC_PREPROCESSOR_DEFINITIONS = (
					"DEBUG=1",
					"$(inherited)",
				);
				GCC_WARN_64_TO_32_BIT_CONVERSION = YES;
				GCC_WARN_ABOUT_RETURN_TYPE = YES_ERROR;
				GCC_WARN_UNDECLARED_SELECTOR = YES;
				GCC_WARN_UNINITIALIZED_AUTOS = YES_AGGRESSIVE;
				GCC_WARN_UNUSED_FUNCTION = YES;
				GCC_WARN_UNUSED_VARIABLE = YES;
				IPHONEOS_DEPLOYMENT_TARGET = 14.4;
				MTL_ENABLE_DEBUG_INFO = INCLUDE_SOURCE;
				MTL_FAST_MATH = YES;
				ONLY_ACTIVE_ARCH = YES;
				SDKROOT = iphoneos;
				SWIFT_ACTIVE_COMPILATION_CONDITIONS = DEBUG;
				SWIFT_OPTIMIZATION_LEVEL = "-Onone";
			};
			name = Debug;
		};
		2ACA872626E9F68E009AE659 /* Release */ = {
			isa = XCBuildConfiguration;
			buildSettings = {
				ALWAYS_SEARCH_USER_PATHS = NO;
				CLANG_ANALYZER_NONNULL = YES;
				CLANG_ANALYZER_NUMBER_OBJECT_CONVERSION = YES_AGGRESSIVE;
				CLANG_CXX_LANGUAGE_STANDARD = "gnu++14";
				CLANG_CXX_LIBRARY = "libc++";
				CLANG_ENABLE_MODULES = YES;
				CLANG_ENABLE_OBJC_ARC = YES;
				CLANG_ENABLE_OBJC_WEAK = YES;
				CLANG_WARN_BLOCK_CAPTURE_AUTORELEASING = YES;
				CLANG_WARN_BOOL_CONVERSION = YES;
				CLANG_WARN_COMMA = YES;
				CLANG_WARN_CONSTANT_CONVERSION = YES;
				CLANG_WARN_DEPRECATED_OBJC_IMPLEMENTATIONS = YES;
				CLANG_WARN_DIRECT_OBJC_ISA_USAGE = YES_ERROR;
				CLANG_WARN_DOCUMENTATION_COMMENTS = YES;
				CLANG_WARN_EMPTY_BODY = YES;
				CLANG_WARN_ENUM_CONVERSION = YES;
				CLANG_WARN_INFINITE_RECURSION = YES;
				CLANG_WARN_INT_CONVERSION = YES;
				CLANG_WARN_NON_LITERAL_NULL_CONVERSION = YES;
				CLANG_WARN_OBJC_IMPLICIT_RETAIN_SELF = YES;
				CLANG_WARN_OBJC_LITERAL_CONVERSION = YES;
				CLANG_WARN_OBJC_ROOT_CLASS = YES_ERROR;
				CLANG_WARN_QUOTED_INCLUDE_IN_FRAMEWORK_HEADER = YES;
				CLANG_WARN_RANGE_LOOP_ANALYSIS = YES;
				CLANG_WARN_STRICT_PROTOTYPES = YES;
				CLANG_WARN_SUSPICIOUS_MOVE = YES;
				CLANG_WARN_UNGUARDED_AVAILABILITY = YES_AGGRESSIVE;
				CLANG_WARN_UNREACHABLE_CODE = YES;
				CLANG_WARN__DUPLICATE_METHOD_MATCH = YES;
				COPY_PHASE_STRIP = NO;
				DEBUG_INFORMATION_FORMAT = "dwarf-with-dsym";
				ENABLE_NS_ASSERTIONS = NO;
				ENABLE_STRICT_OBJC_MSGSEND = YES;
				GCC_C_LANGUAGE_STANDARD = gnu11;
				GCC_NO_COMMON_BLOCKS = YES;
				GCC_WARN_64_TO_32_BIT_CONVERSION = YES;
				GCC_WARN_ABOUT_RETURN_TYPE = YES_ERROR;
				GCC_WARN_UNDECLARED_SELECTOR = YES;
				GCC_WARN_UNINITIALIZED_AUTOS = YES_AGGRESSIVE;
				GCC_WARN_UNUSED_FUNCTION = YES;
				GCC_WARN_UNUSED_VARIABLE = YES;
				IPHONEOS_DEPLOYMENT_TARGET = 14.4;
				MTL_ENABLE_DEBUG_INFO = NO;
				MTL_FAST_MATH = YES;
				SDKROOT = iphoneos;
				SWIFT_COMPILATION_MODE = wholemodule;
				SWIFT_OPTIMIZATION_LEVEL = "-O";
				VALIDATE_PRODUCT = YES;
			};
			name = Release;
		};
		2ACA872826E9F68E009AE659 /* Debug */ = {
			isa = XCBuildConfiguration;
			buildSettings = {
				ASSETCATALOG_COMPILER_APPICON_NAME = AppIcon;
				ASSETCATALOG_COMPILER_GLOBAL_ACCENT_COLOR_NAME = AccentColor;
				CODE_SIGN_STYLE = Automatic;
				DEVELOPMENT_TEAM = 8H5QS73AXD;
				INFOPLIST_FILE = "Trial App/Info.plist";
				LD_RUNPATH_SEARCH_PATHS = (
					"$(inherited)",
					"@executable_path/Frameworks",
				);
				PRODUCT_BUNDLE_IDENTIFIER = "UMass-Amherst.Trial-App";
				PRODUCT_NAME = "$(TARGET_NAME)";
				SWIFT_VERSION = 5.0;
				TARGETED_DEVICE_FAMILY = "1,2";
			};
			name = Debug;
		};
		2ACA872926E9F68E009AE659 /* Release */ = {
			isa = XCBuildConfiguration;
			buildSettings = {
				ASSETCATALOG_COMPILER_APPICON_NAME = AppIcon;
				ASSETCATALOG_COMPILER_GLOBAL_ACCENT_COLOR_NAME = AccentColor;
				CODE_SIGN_STYLE = Automatic;
				DEVELOPMENT_TEAM = 8H5QS73AXD;
				INFOPLIST_FILE = "Trial App/Info.plist";
				LD_RUNPATH_SEARCH_PATHS = (
					"$(inherited)",
					"@executable_path/Frameworks",
				);
				PRODUCT_BUNDLE_IDENTIFIER = "UMass-Amherst.Trial-App";
				PRODUCT_NAME = "$(TARGET_NAME)";
				SWIFT_VERSION = 5.0;
				TARGETED_DEVICE_FAMILY = "1,2";
			};
			name = Release;
		};
		2ACA872B26E9F68E009AE659 /* Debug */ = {
			isa = XCBuildConfiguration;
			buildSettings = {
				ALWAYS_EMBED_SWIFT_STANDARD_LIBRARIES = YES;
				BUNDLE_LOADER = "$(TEST_HOST)";
				CODE_SIGN_STYLE = Automatic;
				DEVELOPMENT_TEAM = 8H5QS73AXD;
				INFOPLIST_FILE = "Trial AppTests/Info.plist";
				IPHONEOS_DEPLOYMENT_TARGET = 14.4;
				LD_RUNPATH_SEARCH_PATHS = (
					"$(inherited)",
					"@executable_path/Frameworks",
					"@loader_path/Frameworks",
				);
				PRODUCT_BUNDLE_IDENTIFIER = "UMass-Amherst.Trial-AppTests";
				PRODUCT_NAME = "$(TARGET_NAME)";
				SWIFT_VERSION = 5.0;
				TARGETED_DEVICE_FAMILY = "1,2";
				TEST_HOST = "$(BUILT_PRODUCTS_DIR)/Trial App.app/Trial App";
			};
			name = Debug;
		};
		2ACA872C26E9F68E009AE659 /* Release */ = {
			isa = XCBuildConfiguration;
			buildSettings = {
				ALWAYS_EMBED_SWIFT_STANDARD_LIBRARIES = YES;
				BUNDLE_LOADER = "$(TEST_HOST)";
				CODE_SIGN_STYLE = Automatic;
				DEVELOPMENT_TEAM = 8H5QS73AXD;
				INFOPLIST_FILE = "Trial AppTests/Info.plist";
				IPHONEOS_DEPLOYMENT_TARGET = 14.4;
				LD_RUNPATH_SEARCH_PATHS = (
					"$(inherited)",
					"@executable_path/Frameworks",
					"@loader_path/Frameworks",
				);
				PRODUCT_BUNDLE_IDENTIFIER = "UMass-Amherst.Trial-AppTests";
				PRODUCT_NAME = "$(TARGET_NAME)";
				SWIFT_VERSION = 5.0;
				TARGETED_DEVICE_FAMILY = "1,2";
				TEST_HOST = "$(BUILT_PRODUCTS_DIR)/Trial App.app/Trial App";
			};
			name = Release;
		};
		2ACA872E26E9F68E009AE659 /* Debug */ = {
			isa = XCBuildConfiguration;
			buildSettings = {
				ALWAYS_EMBED_SWIFT_STANDARD_LIBRARIES = YES;
				CODE_SIGN_STYLE = Automatic;
				DEVELOPMENT_TEAM = 8H5QS73AXD;
				INFOPLIST_FILE = "Trial AppUITests/Info.plist";
				LD_RUNPATH_SEARCH_PATHS = (
					"$(inherited)",
					"@executable_path/Frameworks",
					"@loader_path/Frameworks",
				);
				PRODUCT_BUNDLE_IDENTIFIER = "UMass-Amherst.Trial-AppUITests";
				PRODUCT_NAME = "$(TARGET_NAME)";
				SWIFT_VERSION = 5.0;
				TARGETED_DEVICE_FAMILY = "1,2";
				TEST_TARGET_NAME = "Trial App";
			};
			name = Debug;
		};
		2ACA872F26E9F68E009AE659 /* Release */ = {
			isa = XCBuildConfiguration;
			buildSettings = {
				ALWAYS_EMBED_SWIFT_STANDARD_LIBRARIES = YES;
				CODE_SIGN_STYLE = Automatic;
				DEVELOPMENT_TEAM = 8H5QS73AXD;
				INFOPLIST_FILE = "Trial AppUITests/Info.plist";
				LD_RUNPATH_SEARCH_PATHS = (
					"$(inherited)",
					"@executable_path/Frameworks",
					"@loader_path/Frameworks",
				);
				PRODUCT_BUNDLE_IDENTIFIER = "UMass-Amherst.Trial-AppUITests";
				PRODUCT_NAME = "$(TARGET_NAME)";
				SWIFT_VERSION = 5.0;
				TARGETED_DEVICE_FAMILY = "1,2";
				TEST_TARGET_NAME = "Trial App";
			};
			name = Release;
		};
/* End XCBuildConfiguration section */

/* Begin XCConfigurationList section */
		2ACA86F826E9F68E009AE659 /* Build configuration list for PBXProject "Trial App" */ = {
			isa = XCConfigurationList;
			buildConfigurations = (
				2ACA872526E9F68E009AE659 /* Debug */,
				2ACA872626E9F68E009AE659 /* Release */,
			);
			defaultConfigurationIsVisible = 0;
			defaultConfigurationName = Release;
		};
		2ACA872726E9F68E009AE659 /* Build configuration list for PBXNativeTarget "Trial App" */ = {
			isa = XCConfigurationList;
			buildConfigurations = (
				2ACA872826E9F68E009AE659 /* Debug */,
				2ACA872926E9F68E009AE659 /* Release */,
			);
			defaultConfigurationIsVisible = 0;
			defaultConfigurationName = Release;
		};
		2ACA872A26E9F68E009AE659 /* Build configuration list for PBXNativeTarget "Trial AppTests" */ = {
			isa = XCConfigurationList;
			buildConfigurations = (
				2ACA872B26E9F68E009AE659 /* Debug */,
				2ACA872C26E9F68E009AE659 /* Release */,
			);
			defaultConfigurationIsVisible = 0;
			defaultConfigurationName = Release;
		};
		2ACA872D26E9F68E009AE659 /* Build configuration list for PBXNativeTarget "Trial AppUITests" */ = {
			isa = XCConfigurationList;
			buildConfigurations = (
				2ACA872E26E9F68E009AE659 /* Debug */,
				2ACA872F26E9F68E009AE659 /* Release */,
			);
			defaultConfigurationIsVisible = 0;
			defaultConfigurationName = Release;
		};
/* End XCConfigurationList section */
	};
	rootObject = 2ACA86F526E9F68E009AE659 /* Project object */;
}
